{
    "name": "importing",
    "lockfileVersion": 2,
    "requires": true,
    "packages": {
        "": {
            "name": "importing",
            "dependencies": {
                "exporting": "../exporting"
            }
        },
        "../exporting": {},
        "node_modules/exporting": {
            "resolved": "../exporting",
            "link": true
        }
    },
    "dependencies": {
        "exporting": {
            "version": "file:../exporting"
        }
    }
}
